// !$*UTF8*$!
{
	archiveVersion = 1;
	classes = {
	};
	objectVersion = 48;
	objects = {

/* Begin PBXBuildFile section */
		18229BD9201576BB006C184C /* AppDelegate.m in Sources */ = {isa = PBXBuildFile; fileRef = 18229BD8201576BB006C184C /* AppDelegate.m */; };
		18229BDC201576BB006C184C /* ViewController.m in Sources */ = {isa = PBXBuildFile; fileRef = 18229BDB201576BB006C184C /* ViewController.m */; };
		18229BDF201576BB006C184C /* Main.storyboard in Resources */ = {isa = PBXBuildFile; fileRef = 18229BDD201576BB006C184C /* Main.storyboard */; };
		18229BE1201576BB006C184C /* Assets.xcassets in Resources */ = {isa = PBXBuildFile; fileRef = 18229BE0201576BB006C184C /* Assets.xcassets */; };
		18229BE4201576BB006C184C /* LaunchScreen.storyboard in Resources */ = {isa = PBXBuildFile; fileRef = 18229BE2201576BB006C184C /* LaunchScreen.storyboard */; };
		18229BE7201576BB006C184C /* main.m in Sources */ = {isa = PBXBuildFile; fileRef = 18229BE6201576BB006C184C /* main.m */; };
		18229BF1201576BB006C184C /* SFTreeTableViewTests.m in Sources */ = {isa = PBXBuildFile; fileRef = 18229BF0201576BB006C184C /* SFTreeTableViewTests.m */; };
		18229BFC201576BB006C184C /* SFTreeTableViewUITests.m in Sources */ = {isa = PBXBuildFile; fileRef = 18229BFB201576BB006C184C /* SFTreeTableViewUITests.m */; };
		18229C63201578E6006C184C /* libmp3lame.a in Frameworks */ = {isa = PBXBuildFile; fileRef = 18229C12201578E6006C184C /* libmp3lame.a */; };
		18229C64201578E6006C184C /* LGAlertView.m in Sources */ = {isa = PBXBuildFile; fileRef = 18229C15201578E6006C184C /* LGAlertView.m */; };
		18229C65201578E6006C184C /* LGAlertViewButton.m in Sources */ = {isa = PBXBuildFile; fileRef = 18229C17201578E6006C184C /* LGAlertViewButton.m */; };
		18229C66201578E6006C184C /* LGAlertViewButtonProperties.m in Sources */ = {isa = PBXBuildFile; fileRef = 18229C19201578E6006C184C /* LGAlertViewButtonProperties.m */; };
		18229C67201578E6006C184C /* LGAlertViewCell.m in Sources */ = {isa = PBXBuildFile; fileRef = 18229C1B201578E6006C184C /* LGAlertViewCell.m */; };
		18229C68201578E6006C184C /* LGAlertViewController.m in Sources */ = {isa = PBXBuildFile; fileRef = 18229C1D201578E6006C184C /* LGAlertViewController.m */; };
		18229C69201578E6006C184C /* LGAlertViewHelper.m in Sources */ = {isa = PBXBuildFile; fileRef = 18229C1F201578E6006C184C /* LGAlertViewHelper.m */; };
		18229C6A201578E6006C184C /* LGAlertViewShadowView.m in Sources */ = {isa = PBXBuildFile; fileRef = 18229C21201578E6006C184C /* LGAlertViewShadowView.m */; };
		18229C6B201578E6006C184C /* LGAlertViewTextField.m in Sources */ = {isa = PBXBuildFile; fileRef = 18229C24201578E6006C184C /* LGAlertViewTextField.m */; };
		18229C6C201578E6006C184C /* LGAlertViewWindow.m in Sources */ = {isa = PBXBuildFile; fileRef = 18229C26201578E6006C184C /* LGAlertViewWindow.m */; };
		18229C6D201578E6006C184C /* LGAlertViewWindowContainer.m in Sources */ = {isa = PBXBuildFile; fileRef = 18229C28201578E6006C184C /* LGAlertViewWindowContainer.m */; };
		18229C6E201578E6006C184C /* LGAlertViewWindowsObserver.m in Sources */ = {isa = PBXBuildFile; fileRef = 18229C2A201578E6006C184C /* LGAlertViewWindowsObserver.m */; };
		18229C6F201578E6006C184C /* UIWindow+LGAlertView.m in Sources */ = {isa = PBXBuildFile; fileRef = 18229C2C201578E6006C184C /* UIWindow+LGAlertView.m */; };
		18229C70201578E6006C184C /* MASCompositeConstraint.m in Sources */ = {isa = PBXBuildFile; fileRef = 18229C2F201578E6006C184C /* MASCompositeConstraint.m */; };
		18229C71201578E6006C184C /* MASConstraint.m in Sources */ = {isa = PBXBuildFile; fileRef = 18229C32201578E6006C184C /* MASConstraint.m */; };
		18229C72201578E6006C184C /* MASConstraintMaker.m in Sources */ = {isa = PBXBuildFile; fileRef = 18229C34201578E6006C184C /* MASConstraintMaker.m */; };
		18229C73201578E6006C184C /* MASLayoutConstraint.m in Sources */ = {isa = PBXBuildFile; fileRef = 18229C36201578E6006C184C /* MASLayoutConstraint.m */; };
		18229C74201578E6006C184C /* MASViewAttribute.m in Sources */ = {isa = PBXBuildFile; fileRef = 18229C3A201578E6006C184C /* MASViewAttribute.m */; };
		18229C75201578E6006C184C /* MASViewConstraint.m in Sources */ = {isa = PBXBuildFile; fileRef = 18229C3C201578E6006C184C /* MASViewConstraint.m */; };
		18229C76201578E6006C184C /* NSArray+MASAdditions.m in Sources */ = {isa = PBXBuildFile; fileRef = 18229C3E201578E6006C184C /* NSArray+MASAdditions.m */; };
		18229C77201578E6006C184C /* NSLayoutConstraint+MASDebugAdditions.m in Sources */ = {isa = PBXBuildFile; fileRef = 18229C41201578E6006C184C /* NSLayoutConstraint+MASDebugAdditions.m */; };
		18229C78201578E6006C184C /* View+MASAdditions.m in Sources */ = {isa = PBXBuildFile; fileRef = 18229C43201578E6006C184C /* View+MASAdditions.m */; };
		18229C79201578E6006C184C /* ViewController+MASAdditions.m in Sources */ = {isa = PBXBuildFile; fileRef = 18229C46201578E6006C184C /* ViewController+MASAdditions.m */; };
		18229C7A201578E6006C184C /* MBProgressHUD.m in Sources */ = {isa = PBXBuildFile; fileRef = 18229C49201578E6006C184C /* MBProgressHUD.m */; };
		18229C7B201578E6006C184C /* SFFileManager.m in Sources */ = {isa = PBXBuildFile; fileRef = 18229C4D201578E6006C184C /* SFFileManager.m */; };
		18229C7C201578E6006C184C /* SFGetTopVC.m in Sources */ = {isa = PBXBuildFile; fileRef = 18229C4F201578E6006C184C /* SFGetTopVC.m */; };
		18229C7D201578E6006C184C /* UIView+SFView.m in Sources */ = {isa = PBXBuildFile; fileRef = 18229C51201578E6006C184C /* UIView+SFView.m */; };
		18229C7E201578E6006C184C /* UITableView+FDIndexPathHeightCache.m in Sources */ = {isa = PBXBuildFile; fileRef = 18229C54201578E6006C184C /* UITableView+FDIndexPathHeightCache.m */; };
		18229C7F201578E6006C184C /* UITableView+FDKeyedHeightCache.m in Sources */ = {isa = PBXBuildFile; fileRef = 18229C56201578E6006C184C /* UITableView+FDKeyedHeightCache.m */; };
		18229C80201578E6006C184C /* UITableView+FDTemplateLayoutCell.m in Sources */ = {isa = PBXBuildFile; fileRef = 18229C58201578E6006C184C /* UITableView+FDTemplateLayoutCell.m */; };
		18229C81201578E6006C184C /* UITableView+FDTemplateLayoutCellDebug.m in Sources */ = {isa = PBXBuildFile; fileRef = 18229C5A201578E6006C184C /* UITableView+FDTemplateLayoutCellDebug.m */; };
		18229C84201578E6006C184C /* UIButton+SFButton.m in Sources */ = {isa = PBXBuildFile; fileRef = 18229C62201578E6006C184C /* UIButton+SFButton.m */; };
		18229C8A20157A2E006C184C /* SFTreeTV.m in Sources */ = {isa = PBXBuildFile; fileRef = 18229C8920157A2E006C184C /* SFTreeTV.m */; };
		18229C8D201583C2006C184C /* SFListTableViewCell.m in Sources */ = {isa = PBXBuildFile; fileRef = 18229C8C201583C2006C184C /* SFListTableViewCell.m */; };
		18229C9020159235006C184C /* SFBaseModel.m in Sources */ = {isa = PBXBuildFile; fileRef = 18229C8F20159235006C184C /* SFBaseModel.m */; };
		18229C932015924A006C184C /* SFListModel.m in Sources */ = {isa = PBXBuildFile; fileRef = 18229C922015924A006C184C /* SFListModel.m */; };
/* End PBXBuildFile section */

/* Begin PBXContainerItemProxy section */
		18229BED201576BB006C184C /* PBXContainerItemProxy */ = {
			isa = PBXContainerItemProxy;
			containerPortal = 18229BCC201576BB006C184C /* Project object */;
			proxyType = 1;
			remoteGlobalIDString = 18229BD3201576BB006C184C;
			remoteInfo = SFTreeTableView;
		};
		18229BF8201576BB006C184C /* PBXContainerItemProxy */ = {
			isa = PBXContainerItemProxy;
			containerPortal = 18229BCC201576BB006C184C /* Project object */;
			proxyType = 1;
			remoteGlobalIDString = 18229BD3201576BB006C184C;
			remoteInfo = SFTreeTableView;
		};
/* End PBXContainerItemProxy section */

/* Begin PBXFileReference section */
		18229BD4201576BB006C184C /* SFTreeTableView.app */ = {isa = PBXFileReference; explicitFileType = wrapper.application; includeInIndex = 0; path = SFTreeTableView.app; sourceTree = BUILT_PRODUCTS_DIR; };
		18229BD7201576BB006C184C /* AppDelegate.h */ = {isa = PBXFileReference; lastKnownFileType = sourcecode.c.h; path = AppDelegate.h; sourceTree = "<group>"; };
		18229BD8201576BB006C184C /* AppDelegate.m */ = {isa = PBXFileReference; lastKnownFileType = sourcecode.c.objc; path = AppDelegate.m; sourceTree = "<group>"; };
		18229BDA201576BB006C184C /* ViewController.h */ = {isa = PBXFileReference; lastKnownFileType = sourcecode.c.h; path = ViewController.h; sourceTree = "<group>"; };
		18229BDB201576BB006C184C /* ViewController.m */ = {isa = PBXFileReference; lastKnownFileType = sourcecode.c.objc; path = ViewController.m; sourceTree = "<group>"; };
		18229BDE201576BB006C184C /* Base */ = {isa = PBXFileReference; lastKnownFileType = file.storyboard; name = Base; path = Base.lproj/Main.storyboard; sourceTree = "<group>"; };
		18229BE0201576BB006C184C /* Assets.xcassets */ = {isa = PBXFileReference; lastKnownFileType = folder.assetcatalog; path = Assets.xcassets; sourceTree = "<group>"; };
		18229BE3201576BB006C184C /* Base */ = {isa = PBXFileReference; lastKnownFileType = file.storyboard; name = Base; path = Base.lproj/LaunchScreen.storyboard; sourceTree = "<group>"; };
		18229BE5201576BB006C184C /* Info.plist */ = {isa = PBXFileReference; lastKnownFileType = text.plist.xml; path = Info.plist; sourceTree = "<group>"; };
		18229BE6201576BB006C184C /* main.m */ = {isa = PBXFileReference; lastKnownFileType = sourcecode.c.objc; path = main.m; sourceTree = "<group>"; };
		18229BEC201576BB006C184C /* SFTreeTableViewTests.xctest */ = {isa = PBXFileReference; explicitFileType = wrapper.cfbundle; includeInIndex = 0; path = SFTreeTableViewTests.xctest; sourceTree = BUILT_PRODUCTS_DIR; };
		18229BF0201576BB006C184C /* SFTreeTableViewTests.m */ = {isa = PBXFileReference; lastKnownFileType = sourcecode.c.objc; path = SFTreeTableViewTests.m; sourceTree = "<group>"; };
		18229BF2201576BB006C184C /* Info.plist */ = {isa = PBXFileReference; lastKnownFileType = text.plist.xml; path = Info.plist; sourceTree = "<group>"; };
		18229BF7201576BB006C184C /* SFTreeTableViewUITests.xctest */ = {isa = PBXFileReference; explicitFileType = wrapper.cfbundle; includeInIndex = 0; path = SFTreeTableViewUITests.xctest; sourceTree = BUILT_PRODUCTS_DIR; };
		18229BFB201576BB006C184C /* SFTreeTableViewUITests.m */ = {isa = PBXFileReference; lastKnownFileType = sourcecode.c.objc; path = SFTreeTableViewUITests.m; sourceTree = "<group>"; };
		18229BFD201576BB006C184C /* Info.plist */ = {isa = PBXFileReference; lastKnownFileType = text.plist.xml; path = Info.plist; sourceTree = "<group>"; };
		18229C0E2015785C006C184C /* PrefixHeader.pch */ = {isa = PBXFileReference; lastKnownFileType = sourcecode.c.h; path = PrefixHeader.pch; sourceTree = "<group>"; };
		18229C11201578E6006C184C /* lame.h */ = {isa = PBXFileReference; fileEncoding = 4; lastKnownFileType = sourcecode.c.h; path = lame.h; sourceTree = "<group>"; };
		18229C12201578E6006C184C /* libmp3lame.a */ = {isa = PBXFileReference; lastKnownFileType = archive.ar; path = libmp3lame.a; sourceTree = "<group>"; };
		18229C14201578E6006C184C /* LGAlertView.h */ = {isa = PBXFileReference; fileEncoding = 4; lastKnownFileType = sourcecode.c.h; path = LGAlertView.h; sourceTree = "<group>"; };
		18229C15201578E6006C184C /* LGAlertView.m */ = {isa = PBXFileReference; fileEncoding = 4; lastKnownFileType = sourcecode.c.objc; path = LGAlertView.m; sourceTree = "<group>"; };
		18229C16201578E6006C184C /* LGAlertViewButton.h */ = {isa = PBXFileReference; fileEncoding = 4; lastKnownFileType = sourcecode.c.h; path = LGAlertViewButton.h; sourceTree = "<group>"; };
		18229C17201578E6006C184C /* LGAlertViewButton.m */ = {isa = PBXFileReference; fileEncoding = 4; lastKnownFileType = sourcecode.c.objc; path = LGAlertViewButton.m; sourceTree = "<group>"; };
		18229C18201578E6006C184C /* LGAlertViewButtonProperties.h */ = {isa = PBXFileReference; fileEncoding = 4; lastKnownFileType = sourcecode.c.h; path = LGAlertViewButtonProperties.h; sourceTree = "<group>"; };
		18229C19201578E6006C184C /* LGAlertViewButtonProperties.m */ = {isa = PBXFileReference; fileEncoding = 4; lastKnownFileType = sourcecode.c.objc; path = LGAlertViewButtonProperties.m; sourceTree = "<group>"; };
		18229C1A201578E6006C184C /* LGAlertViewCell.h */ = {isa = PBXFileReference; fileEncoding = 4; lastKnownFileType = sourcecode.c.h; path = LGAlertViewCell.h; sourceTree = "<group>"; };
		18229C1B201578E6006C184C /* LGAlertViewCell.m */ = {isa = PBXFileReference; fileEncoding = 4; lastKnownFileType = sourcecode.c.objc; path = LGAlertViewCell.m; sourceTree = "<group>"; };
		18229C1C201578E6006C184C /* LGAlertViewController.h */ = {isa = PBXFileReference; fileEncoding = 4; lastKnownFileType = sourcecode.c.h; path = LGAlertViewController.h; sourceTree = "<group>"; };
		18229C1D201578E6006C184C /* LGAlertViewController.m */ = {isa = PBXFileReference; fileEncoding = 4; lastKnownFileType = sourcecode.c.objc; path = LGAlertViewController.m; sourceTree = "<group>"; };
		18229C1E201578E6006C184C /* LGAlertViewHelper.h */ = {isa = PBXFileReference; fileEncoding = 4; lastKnownFileType = sourcecode.c.h; path = LGAlertViewHelper.h; sourceTree = "<group>"; };
		18229C1F201578E6006C184C /* LGAlertViewHelper.m */ = {isa = PBXFileReference; fileEncoding = 4; lastKnownFileType = sourcecode.c.objc; path = LGAlertViewHelper.m; sourceTree = "<group>"; };
		18229C20201578E6006C184C /* LGAlertViewShadowView.h */ = {isa = PBXFileReference; fileEncoding = 4; lastKnownFileType = sourcecode.c.h; path = LGAlertViewShadowView.h; sourceTree = "<group>"; };
		18229C21201578E6006C184C /* LGAlertViewShadowView.m */ = {isa = PBXFileReference; fileEncoding = 4; lastKnownFileType = sourcecode.c.objc; path = LGAlertViewShadowView.m; sourceTree = "<group>"; };
		18229C22201578E6006C184C /* LGAlertViewShared.h */ = {isa = PBXFileReference; fileEncoding = 4; lastKnownFileType = sourcecode.c.h; path = LGAlertViewShared.h; sourceTree = "<group>"; };
		18229C23201578E6006C184C /* LGAlertViewTextField.h */ = {isa = PBXFileReference; fileEncoding = 4; lastKnownFileType = sourcecode.c.h; path = LGAlertViewTextField.h; sourceTree = "<group>"; };
		18229C24201578E6006C184C /* LGAlertViewTextField.m */ = {isa = PBXFileReference; fileEncoding = 4; lastKnownFileType = sourcecode.c.objc; path = LGAlertViewTextField.m; sourceTree = "<group>"; };
		18229C25201578E6006C184C /* LGAlertViewWindow.h */ = {isa = PBXFileReference; fileEncoding = 4; lastKnownFileType = sourcecode.c.h; path = LGAlertViewWindow.h; sourceTree = "<group>"; };
		18229C26201578E6006C184C /* LGAlertViewWindow.m */ = {isa = PBXFileReference; fileEncoding = 4; lastKnownFileType = sourcecode.c.objc; path = LGAlertViewWindow.m; sourceTree = "<group>"; };
		18229C27201578E6006C184C /* LGAlertViewWindowContainer.h */ = {isa = PBXFileReference; fileEncoding = 4; lastKnownFileType = sourcecode.c.h; path = LGAlertViewWindowContainer.h; sourceTree = "<group>"; };
		18229C28201578E6006C184C /* LGAlertViewWindowContainer.m */ = {isa = PBXFileReference; fileEncoding = 4; lastKnownFileType = sourcecode.c.objc; path = LGAlertViewWindowContainer.m; sourceTree = "<group>"; };
		18229C29201578E6006C184C /* LGAlertViewWindowsObserver.h */ = {isa = PBXFileReference; fileEncoding = 4; lastKnownFileType = sourcecode.c.h; path = LGAlertViewWindowsObserver.h; sourceTree = "<group>"; };
		18229C2A201578E6006C184C /* LGAlertViewWindowsObserver.m */ = {isa = PBXFileReference; fileEncoding = 4; lastKnownFileType = sourcecode.c.objc; path = LGAlertViewWindowsObserver.m; sourceTree = "<group>"; };
		18229C2B201578E6006C184C /* UIWindow+LGAlertView.h */ = {isa = PBXFileReference; fileEncoding = 4; lastKnownFileType = sourcecode.c.h; path = "UIWindow+LGAlertView.h"; sourceTree = "<group>"; };
		18229C2C201578E6006C184C /* UIWindow+LGAlertView.m */ = {isa = PBXFileReference; fileEncoding = 4; lastKnownFileType = sourcecode.c.objc; path = "UIWindow+LGAlertView.m"; sourceTree = "<group>"; };
		18229C2E201578E6006C184C /* MASCompositeConstraint.h */ = {isa = PBXFileReference; fileEncoding = 4; lastKnownFileType = sourcecode.c.h; path = MASCompositeConstraint.h; sourceTree = "<group>"; };
		18229C2F201578E6006C184C /* MASCompositeConstraint.m */ = {isa = PBXFileReference; fileEncoding = 4; lastKnownFileType = sourcecode.c.objc; path = MASCompositeConstraint.m; sourceTree = "<group>"; };
		18229C30201578E6006C184C /* MASConstraint+Private.h */ = {isa = PBXFileReference; fileEncoding = 4; lastKnownFileType = sourcecode.c.h; path = "MASConstraint+Private.h"; sourceTree = "<group>"; };
		18229C31201578E6006C184C /* MASConstraint.h */ = {isa = PBXFileReference; fileEncoding = 4; lastKnownFileType = sourcecode.c.h; path = MASConstraint.h; sourceTree = "<group>"; };
		18229C32201578E6006C184C /* MASConstraint.m */ = {isa = PBXFileReference; fileEncoding = 4; lastKnownFileType = sourcecode.c.objc; path = MASConstraint.m; sourceTree = "<group>"; };
		18229C33201578E6006C184C /* MASConstraintMaker.h */ = {isa = PBXFileReference; fileEncoding = 4; lastKnownFileType = sourcecode.c.h; path = MASConstraintMaker.h; sourceTree = "<group>"; };
		18229C34201578E6006C184C /* MASConstraintMaker.m */ = {isa = PBXFileReference; fileEncoding = 4; lastKnownFileType = sourcecode.c.objc; path = MASConstraintMaker.m; sourceTree = "<group>"; };
		18229C35201578E6006C184C /* MASLayoutConstraint.h */ = {isa = PBXFileReference; fileEncoding = 4; lastKnownFileType = sourcecode.c.h; path = MASLayoutConstraint.h; sourceTree = "<group>"; };
		18229C36201578E6006C184C /* MASLayoutConstraint.m */ = {isa = PBXFileReference; fileEncoding = 4; lastKnownFileType = sourcecode.c.objc; path = MASLayoutConstraint.m; sourceTree = "<group>"; };
		18229C37201578E6006C184C /* Masonry.h */ = {isa = PBXFileReference; fileEncoding = 4; lastKnownFileType = sourcecode.c.h; path = Masonry.h; sourceTree = "<group>"; };
		18229C38201578E6006C184C /* MASUtilities.h */ = {isa = PBXFileReference; fileEncoding = 4; lastKnownFileType = sourcecode.c.h; path = MASUtilities.h; sourceTree = "<group>"; };
		18229C39201578E6006C184C /* MASViewAttribute.h */ = {isa = PBXFileReference; fileEncoding = 4; lastKnownFileType = sourcecode.c.h; path = MASViewAttribute.h; sourceTree = "<group>"; };
		18229C3A201578E6006C184C /* MASViewAttribute.m */ = {isa = PBXFileReference; fileEncoding = 4; lastKnownFileType = sourcecode.c.objc; path = MASViewAttribute.m; sourceTree = "<group>"; };
		18229C3B201578E6006C184C /* MASViewConstraint.h */ = {isa = PBXFileReference; fileEncoding = 4; lastKnownFileType = sourcecode.c.h; path = MASViewConstraint.h; sourceTree = "<group>"; };
		18229C3C201578E6006C184C /* MASViewConstraint.m */ = {isa = PBXFileReference; fileEncoding = 4; lastKnownFileType = sourcecode.c.objc; path = MASViewConstraint.m; sourceTree = "<group>"; };
		18229C3D201578E6006C184C /* NSArray+MASAdditions.h */ = {isa = PBXFileReference; fileEncoding = 4; lastKnownFileType = sourcecode.c.h; path = "NSArray+MASAdditions.h"; sourceTree = "<group>"; };
		18229C3E201578E6006C184C /* NSArray+MASAdditions.m */ = {isa = PBXFileReference; fileEncoding = 4; lastKnownFileType = sourcecode.c.objc; path = "NSArray+MASAdditions.m"; sourceTree = "<group>"; };
		18229C3F201578E6006C184C /* NSArray+MASShorthandAdditions.h */ = {isa = PBXFileReference; fileEncoding = 4; lastKnownFileType = sourcecode.c.h; path = "NSArray+MASShorthandAdditions.h"; sourceTree = "<group>"; };
		18229C40201578E6006C184C /* NSLayoutConstraint+MASDebugAdditions.h */ = {isa = PBXFileReference; fileEncoding = 4; lastKnownFileType = sourcecode.c.h; path = "NSLayoutConstraint+MASDebugAdditions.h"; sourceTree = "<group>"; };
		18229C41201578E6006C184C /* NSLayoutConstraint+MASDebugAdditions.m */ = {isa = PBXFileReference; fileEncoding = 4; lastKnownFileType = sourcecode.c.objc; path = "NSLayoutConstraint+MASDebugAdditions.m"; sourceTree = "<group>"; };
		18229C42201578E6006C184C /* View+MASAdditions.h */ = {isa = PBXFileReference; fileEncoding = 4; lastKnownFileType = sourcecode.c.h; path = "View+MASAdditions.h"; sourceTree = "<group>"; };
		18229C43201578E6006C184C /* View+MASAdditions.m */ = {isa = PBXFileReference; fileEncoding = 4; lastKnownFileType = sourcecode.c.objc; path = "View+MASAdditions.m"; sourceTree = "<group>"; };
		18229C44201578E6006C184C /* View+MASShorthandAdditions.h */ = {isa = PBXFileReference; fileEncoding = 4; lastKnownFileType = sourcecode.c.h; path = "View+MASShorthandAdditions.h"; sourceTree = "<group>"; };
		18229C45201578E6006C184C /* ViewController+MASAdditions.h */ = {isa = PBXFileReference; fileEncoding = 4; lastKnownFileType = sourcecode.c.h; path = "ViewController+MASAdditions.h"; sourceTree = "<group>"; };
		18229C46201578E6006C184C /* ViewController+MASAdditions.m */ = {isa = PBXFileReference; fileEncoding = 4; lastKnownFileType = sourcecode.c.objc; path = "ViewController+MASAdditions.m"; sourceTree = "<group>"; };
		18229C48201578E6006C184C /* MBProgressHUD.h */ = {isa = PBXFileReference; fileEncoding = 4; lastKnownFileType = sourcecode.c.h; path = MBProgressHUD.h; sourceTree = "<group>"; };
		18229C49201578E6006C184C /* MBProgressHUD.m */ = {isa = PBXFileReference; fileEncoding = 4; lastKnownFileType = sourcecode.c.objc; path = MBProgressHUD.m; sourceTree = "<group>"; };
		18229C4C201578E6006C184C /* SFFileManager.h */ = {isa = PBXFileReference; fileEncoding = 4; lastKnownFileType = sourcecode.c.h; path = SFFileManager.h; sourceTree = "<group>"; };
		18229C4D201578E6006C184C /* SFFileManager.m */ = {isa = PBXFileReference; fileEncoding = 4; lastKnownFileType = sourcecode.c.objc; path = SFFileManager.m; sourceTree = "<group>"; };
		18229C4E201578E6006C184C /* SFGetTopVC.h */ = {isa = PBXFileReference; fileEncoding = 4; lastKnownFileType = sourcecode.c.h; path = SFGetTopVC.h; sourceTree = "<group>"; };
		18229C4F201578E6006C184C /* SFGetTopVC.m */ = {isa = PBXFileReference; fileEncoding = 4; lastKnownFileType = sourcecode.c.objc; path = SFGetTopVC.m; sourceTree = "<group>"; };
		18229C50201578E6006C184C /* UIView+SFView.h */ = {isa = PBXFileReference; fileEncoding = 4; lastKnownFileType = sourcecode.c.h; path = "UIView+SFView.h"; sourceTree = "<group>"; };
		18229C51201578E6006C184C /* UIView+SFView.m */ = {isa = PBXFileReference; fileEncoding = 4; lastKnownFileType = sourcecode.c.objc; path = "UIView+SFView.m"; sourceTree = "<group>"; };
		18229C53201578E6006C184C /* UITableView+FDIndexPathHeightCache.h */ = {isa = PBXFileReference; fileEncoding = 4; lastKnownFileType = sourcecode.c.h; path = "UITableView+FDIndexPathHeightCache.h"; sourceTree = "<group>"; };
		18229C54201578E6006C184C /* UITableView+FDIndexPathHeightCache.m */ = {isa = PBXFileReference; fileEncoding = 4; lastKnownFileType = sourcecode.c.objc; path = "UITableView+FDIndexPathHeightCache.m"; sourceTree = "<group>"; };
		18229C55201578E6006C184C /* UITableView+FDKeyedHeightCache.h */ = {isa = PBXFileReference; fileEncoding = 4; lastKnownFileType = sourcecode.c.h; path = "UITableView+FDKeyedHeightCache.h"; sourceTree = "<group>"; };
		18229C56201578E6006C184C /* UITableView+FDKeyedHeightCache.m */ = {isa = PBXFileReference; fileEncoding = 4; lastKnownFileType = sourcecode.c.objc; path = "UITableView+FDKeyedHeightCache.m"; sourceTree = "<group>"; };
		18229C57201578E6006C184C /* UITableView+FDTemplateLayoutCell.h */ = {isa = PBXFileReference; fileEncoding = 4; lastKnownFileType = sourcecode.c.h; path = "UITableView+FDTemplateLayoutCell.h"; sourceTree = "<group>"; };
		18229C58201578E6006C184C /* UITableView+FDTemplateLayoutCell.m */ = {isa = PBXFileReference; fileEncoding = 4; lastKnownFileType = sourcecode.c.objc; path = "UITableView+FDTemplateLayoutCell.m"; sourceTree = "<group>"; };
		18229C59201578E6006C184C /* UITableView+FDTemplateLayoutCellDebug.h */ = {isa = PBXFileReference; fileEncoding = 4; lastKnownFileType = sourcecode.c.h; path = "UITableView+FDTemplateLayoutCellDebug.h"; sourceTree = "<group>"; };
		18229C5A201578E6006C184C /* UITableView+FDTemplateLayoutCellDebug.m */ = {isa = PBXFileReference; fileEncoding = 4; lastKnownFileType = sourcecode.c.objc; path = "UITableView+FDTemplateLayoutCellDebug.m"; sourceTree = "<group>"; };
		18229C5C201578E6006C184C /* SFAlterTagHeader.h */ = {isa = PBXFileReference; fileEncoding = 4; lastKnownFileType = sourcecode.c.h; path = SFAlterTagHeader.h; sourceTree = "<group>"; };
		18229C61201578E6006C184C /* UIButton+SFButton.h */ = {isa = PBXFileReference; fileEncoding = 4; lastKnownFileType = sourcecode.c.h; path = "UIButton+SFButton.h"; sourceTree = "<group>"; };
		18229C62201578E6006C184C /* UIButton+SFButton.m */ = {isa = PBXFileReference; fileEncoding = 4; lastKnownFileType = sourcecode.c.objc; path = "UIButton+SFButton.m"; sourceTree = "<group>"; };
		18229C8620157937006C184C /* SFToolHeader.h */ = {isa = PBXFileReference; lastKnownFileType = sourcecode.c.h; path = SFToolHeader.h; sourceTree = "<group>"; };
		18229C87201579B5006C184C /* SFGlobalHeader.h */ = {isa = PBXFileReference; lastKnownFileType = sourcecode.c.h; path = SFGlobalHeader.h; sourceTree = "<group>"; };
		18229C8820157A2E006C184C /* SFTreeTV.h */ = {isa = PBXFileReference; lastKnownFileType = sourcecode.c.h; path = SFTreeTV.h; sourceTree = "<group>"; };
		18229C8920157A2E006C184C /* SFTreeTV.m */ = {isa = PBXFileReference; lastKnownFileType = sourcecode.c.objc; path = SFTreeTV.m; sourceTree = "<group>"; };
		18229C8B201583C2006C184C /* SFListTableViewCell.h */ = {isa = PBXFileReference; lastKnownFileType = sourcecode.c.h; path = SFListTableViewCell.h; sourceTree = "<group>"; };
		18229C8C201583C2006C184C /* SFListTableViewCell.m */ = {isa = PBXFileReference; lastKnownFileType = sourcecode.c.objc; path = SFListTableViewCell.m; sourceTree = "<group>"; };
		18229C8E20159235006C184C /* SFBaseModel.h */ = {isa = PBXFileReference; lastKnownFileType = sourcecode.c.h; path = SFBaseModel.h; sourceTree = "<group>"; };
		18229C8F20159235006C184C /* SFBaseModel.m */ = {isa = PBXFileReference; lastKnownFileType = sourcecode.c.objc; path = SFBaseModel.m; sourceTree = "<group>"; };
		18229C912015924A006C184C /* SFListModel.h */ = {isa = PBXFileReference; lastKnownFileType = sourcecode.c.h; path = SFListModel.h; sourceTree = "<group>"; };
		18229C922015924A006C184C /* SFListModel.m */ = {isa = PBXFileReference; lastKnownFileType = sourcecode.c.objc; path = SFListModel.m; sourceTree = "<group>"; };
/* End PBXFileReference section */

/* Begin PBXFrameworksBuildPhase section */
		18229BD1201576BB006C184C /* Frameworks */ = {
			isa = PBXFrameworksBuildPhase;
			buildActionMask = 2147483647;
			files = (
				18229C63201578E6006C184C /* libmp3lame.a in Frameworks */,
			);
			runOnlyForDeploymentPostprocessing = 0;
		};
		18229BE9201576BB006C184C /* Frameworks */ = {
			isa = PBXFrameworksBuildPhase;
			buildActionMask = 2147483647;
			files = (
			);
			runOnlyForDeploymentPostprocessing = 0;
		};
		18229BF4201576BB006C184C /* Frameworks */ = {
			isa = PBXFrameworksBuildPhase;
			buildActionMask = 2147483647;
			files = (
			);
			runOnlyForDeploymentPostprocessing = 0;
		};
/* End PBXFrameworksBuildPhase section */

/* Begin PBXGroup section */
		18229BCB201576BA006C184C = {
			isa = PBXGroup;
			children = (
				18229BD6201576BB006C184C /* SFTreeTableView */,
				18229BEF201576BB006C184C /* SFTreeTableViewTests */,
				18229BFA201576BB006C184C /* SFTreeTableViewUITests */,
				18229BD5201576BB006C184C /* Products */,
			);
			sourceTree = "<group>";
		};
		18229BD5201576BB006C184C /* Products */ = {
			isa = PBXGroup;
			children = (
				18229BD4201576BB006C184C /* SFTreeTableView.app */,
				18229BEC201576BB006C184C /* SFTreeTableViewTests.xctest */,
				18229BF7201576BB006C184C /* SFTreeTableViewUITests.xctest */,
			);
			name = Products;
			sourceTree = "<group>";
		};
		18229BD6201576BB006C184C /* SFTreeTableView */ = {
			isa = PBXGroup;
			children = (
				18229BD7201576BB006C184C /* AppDelegate.h */,
				18229BD8201576BB006C184C /* AppDelegate.m */,
				18229BDA201576BB006C184C /* ViewController.h */,
				18229BDB201576BB006C184C /* ViewController.m */,
				18229BDD201576BB006C184C /* Main.storyboard */,
				18229C092015784E006C184C /* SFMain */,
				18229BE0201576BB006C184C /* Assets.xcassets */,
				18229BE2201576BB006C184C /* LaunchScreen.storyboard */,
				18229BE5201576BB006C184C /* Info.plist */,
				18229BE6201576BB006C184C /* main.m */,
				18229C0E2015785C006C184C /* PrefixHeader.pch */,
			);
			path = SFTreeTableView;
			sourceTree = "<group>";
		};
		18229BEF201576BB006C184C /* SFTreeTableViewTests */ = {
			isa = PBXGroup;
			children = (
				18229BF0201576BB006C184C /* SFTreeTableViewTests.m */,
				18229BF2201576BB006C184C /* Info.plist */,
			);
			path = SFTreeTableViewTests;
			sourceTree = "<group>";
		};
		18229BFA201576BB006C184C /* SFTreeTableViewUITests */ = {
			isa = PBXGroup;
			children = (
				18229BFB201576BB006C184C /* SFTreeTableViewUITests.m */,
				18229BFD201576BB006C184C /* Info.plist */,
			);
			path = SFTreeTableViewUITests;
			sourceTree = "<group>";
		};
		18229C092015784E006C184C /* SFMain */ = {
			isa = PBXGroup;
			children = (
				18229C0A2015784E006C184C /* Controller */,
				18229C0B2015784E006C184C /* Model */,
				18229C0C2015784E006C184C /* SFHelper */,
				18229C0D2015784E006C184C /* View */,
			);
			path = SFMain;
			sourceTree = "<group>";
		};
		18229C0A2015784E006C184C /* Controller */ = {
			isa = PBXGroup;
			children = (
			);
			path = Controller;
			sourceTree = "<group>";
		};
		18229C0B2015784E006C184C /* Model */ = {
			isa = PBXGroup;
			children = (
				18229C8E20159235006C184C /* SFBaseModel.h */,
				18229C8F20159235006C184C /* SFBaseModel.m */,
				18229C912015924A006C184C /* SFListModel.h */,
				18229C922015924A006C184C /* SFListModel.m */,
			);
			path = Model;
			sourceTree = "<group>";
		};
		18229C0C2015784E006C184C /* SFHelper */ = {
			isa = PBXGroup;
			children = (
				18229C5B201578E6006C184C /* SFTool */,
				18229C0F201578E6006C184C /* ThirdHelper */,
				18229C8620157937006C184C /* SFToolHeader.h */,
				18229C87201579B5006C184C /* SFGlobalHeader.h */,
			);
			path = SFHelper;
			sourceTree = "<group>";
		};
		18229C0D2015784E006C184C /* View */ = {
			isa = PBXGroup;
			children = (
				18229C8820157A2E006C184C /* SFTreeTV.h */,
				18229C8920157A2E006C184C /* SFTreeTV.m */,
				18229C8B201583C2006C184C /* SFListTableViewCell.h */,
				18229C8C201583C2006C184C /* SFListTableViewCell.m */,
			);
			path = View;
			sourceTree = "<group>";
		};
		18229C0F201578E6006C184C /* ThirdHelper */ = {
			isa = PBXGroup;
			children = (
				18229C10201578E6006C184C /* Lame */,
				18229C13201578E6006C184C /* LGAlertView */,
				18229C2D201578E6006C184C /* Masonry */,
				18229C47201578E6006C184C /* MBProgressHUD */,
				18229C4A201578E6006C184C /* SFHelper */,
				18229C52201578E6006C184C /* UITableView+FDTemplateLayoutCell */,
			);
			path = ThirdHelper;
			sourceTree = "<group>";
		};
		18229C10201578E6006C184C /* Lame */ = {
			isa = PBXGroup;
			children = (
				18229C11201578E6006C184C /* lame.h */,
				18229C12201578E6006C184C /* libmp3lame.a */,
			);
			path = Lame;
			sourceTree = "<group>";
		};
		18229C13201578E6006C184C /* LGAlertView */ = {
			isa = PBXGroup;
			children = (
				18229C14201578E6006C184C /* LGAlertView.h */,
				18229C15201578E6006C184C /* LGAlertView.m */,
				18229C16201578E6006C184C /* LGAlertViewButton.h */,
				18229C17201578E6006C184C /* LGAlertViewButton.m */,
				18229C18201578E6006C184C /* LGAlertViewButtonProperties.h */,
				18229C19201578E6006C184C /* LGAlertViewButtonProperties.m */,
				18229C1A201578E6006C184C /* LGAlertViewCell.h */,
				18229C1B201578E6006C184C /* LGAlertViewCell.m */,
				18229C1C201578E6006C184C /* LGAlertViewController.h */,
				18229C1D201578E6006C184C /* LGAlertViewController.m */,
				18229C1E201578E6006C184C /* LGAlertViewHelper.h */,
				18229C1F201578E6006C184C /* LGAlertViewHelper.m */,
				18229C20201578E6006C184C /* LGAlertViewShadowView.h */,
				18229C21201578E6006C184C /* LGAlertViewShadowView.m */,
				18229C22201578E6006C184C /* LGAlertViewShared.h */,
				18229C23201578E6006C184C /* LGAlertViewTextField.h */,
				18229C24201578E6006C184C /* LGAlertViewTextField.m */,
				18229C25201578E6006C184C /* LGAlertViewWindow.h */,
				18229C26201578E6006C184C /* LGAlertViewWindow.m */,
				18229C27201578E6006C184C /* LGAlertViewWindowContainer.h */,
				18229C28201578E6006C184C /* LGAlertViewWindowContainer.m */,
				18229C29201578E6006C184C /* LGAlertViewWindowsObserver.h */,
				18229C2A201578E6006C184C /* LGAlertViewWindowsObserver.m */,
				18229C2B201578E6006C184C /* UIWindow+LGAlertView.h */,
				18229C2C201578E6006C184C /* UIWindow+LGAlertView.m */,
			);
			path = LGAlertView;
			sourceTree = "<group>";
		};
		18229C2D201578E6006C184C /* Masonry */ = {
			isa = PBXGroup;
			children = (
				18229C2E201578E6006C184C /* MASCompositeConstraint.h */,
				18229C2F201578E6006C184C /* MASCompositeConstraint.m */,
				18229C30201578E6006C184C /* MASConstraint+Private.h */,
				18229C31201578E6006C184C /* MASConstraint.h */,
				18229C32201578E6006C184C /* MASConstraint.m */,
				18229C33201578E6006C184C /* MASConstraintMaker.h */,
				18229C34201578E6006C184C /* MASConstraintMaker.m */,
				18229C35201578E6006C184C /* MASLayoutConstraint.h */,
				18229C36201578E6006C184C /* MASLayoutConstraint.m */,
				18229C37201578E6006C184C /* Masonry.h */,
				18229C38201578E6006C184C /* MASUtilities.h */,
				18229C39201578E6006C184C /* MASViewAttribute.h */,
				18229C3A201578E6006C184C /* MASViewAttribute.m */,
				18229C3B201578E6006C184C /* MASViewConstraint.h */,
				18229C3C201578E6006C184C /* MASViewConstraint.m */,
				18229C3D201578E6006C184C /* NSArray+MASAdditions.h */,
				18229C3E201578E6006C184C /* NSArray+MASAdditions.m */,
				18229C3F201578E6006C184C /* NSArray+MASShorthandAdditions.h */,
				18229C40201578E6006C184C /* NSLayoutConstraint+MASDebugAdditions.h */,
				18229C41201578E6006C184C /* NSLayoutConstraint+MASDebugAdditions.m */,
				18229C42201578E6006C184C /* View+MASAdditions.h */,
				18229C43201578E6006C184C /* View+MASAdditions.m */,
				18229C44201578E6006C184C /* View+MASShorthandAdditions.h */,
				18229C45201578E6006C184C /* ViewController+MASAdditions.h */,
				18229C46201578E6006C184C /* ViewController+MASAdditions.m */,
			);
			path = Masonry;
			sourceTree = "<group>";
		};
		18229C47201578E6006C184C /* MBProgressHUD */ = {
			isa = PBXGroup;
			children = (
				18229C48201578E6006C184C /* MBProgressHUD.h */,
				18229C49201578E6006C184C /* MBProgressHUD.m */,
			);
			path = MBProgressHUD;
			sourceTree = "<group>";
		};
		18229C4A201578E6006C184C /* SFHelper */ = {
			isa = PBXGroup;
			children = (
				18229C4B201578E6006C184C /* SFFileManager */,
				18229C4E201578E6006C184C /* SFGetTopVC.h */,
				18229C4F201578E6006C184C /* SFGetTopVC.m */,
				18229C50201578E6006C184C /* UIView+SFView.h */,
				18229C51201578E6006C184C /* UIView+SFView.m */,
			);
			path = SFHelper;
			sourceTree = "<group>";
		};
		18229C4B201578E6006C184C /* SFFileManager */ = {
			isa = PBXGroup;
			children = (
				18229C4C201578E6006C184C /* SFFileManager.h */,
				18229C4D201578E6006C184C /* SFFileManager.m */,
			);
			path = SFFileManager;
			sourceTree = "<group>";
		};
		18229C52201578E6006C184C /* UITableView+FDTemplateLayoutCell */ = {
			isa = PBXGroup;
			children = (
				18229C53201578E6006C184C /* UITableView+FDIndexPathHeightCache.h */,
				18229C54201578E6006C184C /* UITableView+FDIndexPathHeightCache.m */,
				18229C55201578E6006C184C /* UITableView+FDKeyedHeightCache.h */,
				18229C56201578E6006C184C /* UITableView+FDKeyedHeightCache.m */,
				18229C57201578E6006C184C /* UITableView+FDTemplateLayoutCell.h */,
				18229C58201578E6006C184C /* UITableView+FDTemplateLayoutCell.m */,
				18229C59201578E6006C184C /* UITableView+FDTemplateLayoutCellDebug.h */,
				18229C5A201578E6006C184C /* UITableView+FDTemplateLayoutCellDebug.m */,
			);
			path = "UITableView+FDTemplateLayoutCell";
			sourceTree = "<group>";
		};
		18229C5B201578E6006C184C /* SFTool */ = {
			isa = PBXGroup;
			children = (
				18229C5C201578E6006C184C /* SFAlterTagHeader.h */,
				18229C61201578E6006C184C /* UIButton+SFButton.h */,
				18229C62201578E6006C184C /* UIButton+SFButton.m */,
			);
			path = SFTool;
			sourceTree = "<group>";
		};
/* End PBXGroup section */

/* Begin PBXNativeTarget section */
		18229BD3201576BB006C184C /* SFTreeTableView */ = {
			isa = PBXNativeTarget;
			buildConfigurationList = 18229C00201576BB006C184C /* Build configuration list for PBXNativeTarget "SFTreeTableView" */;
			buildPhases = (
				18229BD0201576BB006C184C /* Sources */,
				18229BD1201576BB006C184C /* Frameworks */,
				18229BD2201576BB006C184C /* Resources */,
			);
			buildRules = (
			);
			dependencies = (
			);
			name = SFTreeTableView;
			productName = SFTreeTableView;
			productReference = 18229BD4201576BB006C184C /* SFTreeTableView.app */;
			productType = "com.apple.product-type.application";
		};
		18229BEB201576BB006C184C /* SFTreeTableViewTests */ = {
			isa = PBXNativeTarget;
			buildConfigurationList = 18229C03201576BB006C184C /* Build configuration list for PBXNativeTarget "SFTreeTableViewTests" */;
			buildPhases = (
				18229BE8201576BB006C184C /* Sources */,
				18229BE9201576BB006C184C /* Frameworks */,
				18229BEA201576BB006C184C /* Resources */,
			);
			buildRules = (
			);
			dependencies = (
				18229BEE201576BB006C184C /* PBXTargetDependency */,
			);
			name = SFTreeTableViewTests;
			productName = SFTreeTableViewTests;
			productReference = 18229BEC201576BB006C184C /* SFTreeTableViewTests.xctest */;
			productType = "com.apple.product-type.bundle.unit-test";
		};
		18229BF6201576BB006C184C /* SFTreeTableViewUITests */ = {
			isa = PBXNativeTarget;
			buildConfigurationList = 18229C06201576BB006C184C /* Build configuration list for PBXNativeTarget "SFTreeTableViewUITests" */;
			buildPhases = (
				18229BF3201576BB006C184C /* Sources */,
				18229BF4201576BB006C184C /* Frameworks */,
				18229BF5201576BB006C184C /* Resources */,
			);
			buildRules = (
			);
			dependencies = (
				18229BF9201576BB006C184C /* PBXTargetDependency */,
			);
			name = SFTreeTableViewUITests;
			productName = SFTreeTableViewUITests;
			productReference = 18229BF7201576BB006C184C /* SFTreeTableViewUITests.xctest */;
			productType = "com.apple.product-type.bundle.ui-testing";
		};
/* End PBXNativeTarget section */

/* Begin PBXProject section */
		18229BCC201576BB006C184C /* Project object */ = {
			isa = PBXProject;
			attributes = {
				LastUpgradeCheck = 0920;
				ORGANIZATIONNAME = com.easyhospital;
				TargetAttributes = {
					18229BD3201576BB006C184C = {
						CreatedOnToolsVersion = 9.2;
						ProvisioningStyle = Automatic;
					};
					18229BEB201576BB006C184C = {
						CreatedOnToolsVersion = 9.2;
						ProvisioningStyle = Automatic;
						TestTargetID = 18229BD3201576BB006C184C;
					};
					18229BF6201576BB006C184C = {
						CreatedOnToolsVersion = 9.2;
						ProvisioningStyle = Automatic;
						TestTargetID = 18229BD3201576BB006C184C;
					};
				};
			};
			buildConfigurationList = 18229BCF201576BB006C184C /* Build configuration list for PBXProject "SFTreeTableView" */;
			compatibilityVersion = "Xcode 8.0";
			developmentRegion = en;
			hasScannedForEncodings = 0;
			knownRegions = (
				en,
				Base,
			);
			mainGroup = 18229BCB201576BA006C184C;
			productRefGroup = 18229BD5201576BB006C184C /* Products */;
			projectDirPath = "";
			projectRoot = "";
			targets = (
				18229BD3201576BB006C184C /* SFTreeTableView */,
				18229BEB201576BB006C184C /* SFTreeTableViewTests */,
				18229BF6201576BB006C184C /* SFTreeTableViewUITests */,
			);
		};
/* End PBXProject section */

/* Begin PBXResourcesBuildPhase section */
		18229BD2201576BB006C184C /* Resources */ = {
			isa = PBXResourcesBuildPhase;
			buildActionMask = 2147483647;
			files = (
				18229BE4201576BB006C184C /* LaunchScreen.storyboard in Resources */,
				18229BE1201576BB006C184C /* Assets.xcassets in Resources */,
				18229BDF201576BB006C184C /* Main.storyboard in Resources */,
			);
			runOnlyForDeploymentPostprocessing = 0;
		};
		18229BEA201576BB006C184C /* Resources */ = {
			isa = PBXResourcesBuildPhase;
			buildActionMask = 2147483647;
			files = (
			);
			runOnlyForDeploymentPostprocessing = 0;
		};
		18229BF5201576BB006C184C /* Resources */ = {
			isa = PBXResourcesBuildPhase;
			buildActionMask = 2147483647;
			files = (
			);
			runOnlyForDeploymentPostprocessing = 0;
		};
/* End PBXResourcesBuildPhase section */

/* Begin PBXSourcesBuildPhase section */
		18229BD0201576BB006C184C /* Sources */ = {
			isa = PBXSourcesBuildPhase;
			buildActionMask = 2147483647;
			files = (
				18229C6C201578E6006C184C /* LGAlertViewWindow.m in Sources */,
				18229C80201578E6006C184C /* UITableView+FDTemplateLayoutCell.m in Sources */,
				18229C6F201578E6006C184C /* UIWindow+LGAlertView.m in Sources */,
				18229C84201578E6006C184C /* UIButton+SFButton.m in Sources */,
				18229C7F201578E6006C184C /* UITableView+FDKeyedHeightCache.m in Sources */,
				18229C69201578E6006C184C /* LGAlertViewHelper.m in Sources */,
				18229C7E201578E6006C184C /* UITableView+FDIndexPathHeightCache.m in Sources */,
				18229C6B201578E6006C184C /* LGAlertViewTextField.m in Sources */,
				18229C65201578E6006C184C /* LGAlertViewButton.m in Sources */,
				18229C74201578E6006C184C /* MASViewAttribute.m in Sources */,
				18229C73201578E6006C184C /* MASLayoutConstraint.m in Sources */,
				18229C77201578E6006C184C /* NSLayoutConstraint+MASDebugAdditions.m in Sources */,
				18229C9020159235006C184C /* SFBaseModel.m in Sources */,
				18229C7C201578E6006C184C /* SFGetTopVC.m in Sources */,
				18229C72201578E6006C184C /* MASConstraintMaker.m in Sources */,
				18229C7A201578E6006C184C /* MBProgressHUD.m in Sources */,
				18229BDC201576BB006C184C /* ViewController.m in Sources */,
				18229C6A201578E6006C184C /* LGAlertViewShadowView.m in Sources */,
				18229C79201578E6006C184C /* ViewController+MASAdditions.m in Sources */,
				18229C7B201578E6006C184C /* SFFileManager.m in Sources */,
				18229C7D201578E6006C184C /* UIView+SFView.m in Sources */,
				18229C8D201583C2006C184C /* SFListTableViewCell.m in Sources */,
				18229BE7201576BB006C184C /* main.m in Sources */,
				18229C6D201578E6006C184C /* LGAlertViewWindowContainer.m in Sources */,
				18229C67201578E6006C184C /* LGAlertViewCell.m in Sources */,
				18229C68201578E6006C184C /* LGAlertViewController.m in Sources */,
				18229C81201578E6006C184C /* UITableView+FDTemplateLayoutCellDebug.m in Sources */,
				18229C66201578E6006C184C /* LGAlertViewButtonProperties.m in Sources */,
				18229C932015924A006C184C /* SFListModel.m in Sources */,
				18229C70201578E6006C184C /* MASCompositeConstraint.m in Sources */,
				18229C76201578E6006C184C /* NSArray+MASAdditions.m in Sources */,
				18229C64201578E6006C184C /* LGAlertView.m in Sources */,
				18229C6E201578E6006C184C /* LGAlertViewWindowsObserver.m in Sources */,
				18229C78201578E6006C184C /* View+MASAdditions.m in Sources */,
				18229C8A20157A2E006C184C /* SFTreeTV.m in Sources */,
				18229C75201578E6006C184C /* MASViewConstraint.m in Sources */,
				18229C71201578E6006C184C /* MASConstraint.m in Sources */,
				18229BD9201576BB006C184C /* AppDelegate.m in Sources */,
			);
			runOnlyForDeploymentPostprocessing = 0;
		};
		18229BE8201576BB006C184C /* Sources */ = {
			isa = PBXSourcesBuildPhase;
			buildActionMask = 2147483647;
			files = (
				18229BF1201576BB006C184C /* SFTreeTableViewTests.m in Sources */,
			);
			runOnlyForDeploymentPostprocessing = 0;
		};
		18229BF3201576BB006C184C /* Sources */ = {
			isa = PBXSourcesBuildPhase;
			buildActionMask = 2147483647;
			files = (
				18229BFC201576BB006C184C /* SFTreeTableViewUITests.m in Sources */,
			);
			runOnlyForDeploymentPostprocessing = 0;
		};
/* End PBXSourcesBuildPhase section */

/* Begin PBXTargetDependency section */
		18229BEE201576BB006C184C /* PBXTargetDependency */ = {
			isa = PBXTargetDependency;
			target = 18229BD3201576BB006C184C /* SFTreeTableView */;
			targetProxy = 18229BED201576BB006C184C /* PBXContainerItemProxy */;
		};
		18229BF9201576BB006C184C /* PBXTargetDependency */ = {
			isa = PBXTargetDependency;
			target = 18229BD3201576BB006C184C /* SFTreeTableView */;
			targetProxy = 18229BF8201576BB006C184C /* PBXContainerItemProxy */;
		};
/* End PBXTargetDependency section */

/* Begin PBXVariantGroup section */
		18229BDD201576BB006C184C /* Main.storyboard */ = {
			isa = PBXVariantGroup;
			children = (
				18229BDE201576BB006C184C /* Base */,
			);
			name = Main.storyboard;
			sourceTree = "<group>";
		};
		18229BE2201576BB006C184C /* LaunchScreen.storyboard */ = {
			isa = PBXVariantGroup;
			children = (
				18229BE3201576BB006C184C /* Base */,
			);
			name = LaunchScreen.storyboard;
			sourceTree = "<group>";
		};
/* End PBXVariantGroup section */

/* Begin XCBuildConfiguration section */
		18229BFE201576BB006C184C /* Debug */ = {
			isa = XCBuildConfiguration;
			buildSettings = {
				ALWAYS_SEARCH_USER_PATHS = NO;
				CLANG_ANALYZER_NONNULL = YES;
				CLANG_ANALYZER_NUMBER_OBJECT_CONVERSION = YES_AGGRESSIVE;
				CLANG_CXX_LANGUAGE_STANDARD = "gnu++14";
				CLANG_CXX_LIBRARY = "libc++";
				CLANG_ENABLE_MODULES = YES;
				CLANG_ENABLE_OBJC_ARC = YES;
				CLANG_WARN_BLOCK_CAPTURE_AUTORELEASING = YES;
				CLANG_WARN_BOOL_CONVERSION = YES;
				CLANG_WARN_COMMA = YES;
				CLANG_WARN_CONSTANT_CONVERSION = YES;
				CLANG_WARN_DIRECT_OBJC_ISA_USAGE = YES_ERROR;
				CLANG_WARN_DOCUMENTATION_COMMENTS = YES;
				CLANG_WARN_EMPTY_BODY = YES;
				CLANG_WARN_ENUM_CONVERSION = YES;
				CLANG_WARN_INFINITE_RECURSION = YES;
				CLANG_WARN_INT_CONVERSION = YES;
				CLANG_WARN_NON_LITERAL_NULL_CONVERSION = YES;
				CLANG_WARN_OBJC_LITERAL_CONVERSION = YES;
				CLANG_WARN_OBJC_ROOT_CLASS = YES_ERROR;
				CLANG_WARN_RANGE_LOOP_ANALYSIS = YES;
				CLANG_WARN_STRICT_PROTOTYPES = YES;
				CLANG_WARN_SUSPICIOUS_MOVE = YES;
				CLANG_WARN_UNGUARDED_AVAILABILITY = YES_AGGRESSIVE;
				CLANG_WARN_UNREACHABLE_CODE = YES;
				CLANG_WARN__DUPLICATE_METHOD_MATCH = YES;
				CODE_SIGN_IDENTITY = "iPhone Developer";
				COPY_PHASE_STRIP = NO;
				DEBUG_INFORMATION_FORMAT = dwarf;
				ENABLE_STRICT_OBJC_MSGSEND = YES;
				ENABLE_TESTABILITY = YES;
				GCC_C_LANGUAGE_STANDARD = gnu11;
				GCC_DYNAMIC_NO_PIC = NO;
				GCC_NO_COMMON_BLOCKS = YES;
				GCC_OPTIMIZATION_LEVEL = 0;
				GCC_PREPROCESSOR_DEFINITIONS = (
					"DEBUG=1",
					"$(inherited)",
				);
				GCC_WARN_64_TO_32_BIT_CONVERSION = YES;
				GCC_WARN_ABOUT_RETURN_TYPE = YES_ERROR;
				GCC_WARN_UNDECLARED_SELECTOR = YES;
				GCC_WARN_UNINITIALIZED_AUTOS = YES_AGGRESSIVE;
				GCC_WARN_UNUSED_FUNCTION = YES;
				GCC_WARN_UNUSED_VARIABLE = YES;
				IPHONEOS_DEPLOYMENT_TARGET = 11.2;
				MTL_ENABLE_DEBUG_INFO = YES;
				ONLY_ACTIVE_ARCH = YES;
				SDKROOT = iphoneos;
			};
			name = Debug;
		};
		18229BFF201576BB006C184C /* Release */ = {
			isa = XCBuildConfiguration;
			buildSettings = {
				ALWAYS_SEARCH_USER_PATHS = NO;
				CLANG_ANALYZER_NONNULL = YES;
				CLANG_ANALYZER_NUMBER_OBJECT_CONVERSION = YES_AGGRESSIVE;
				CLANG_CXX_LANGUAGE_STANDARD = "gnu++14";
				CLANG_CXX_LIBRARY = "libc++";
				CLANG_ENABLE_MODULES = YES;
				CLANG_ENABLE_OBJC_ARC = YES;
				CLANG_WARN_BLOCK_CAPTURE_AUTORELEASING = YES;
				CLANG_WARN_BOOL_CONVERSION = YES;
				CLANG_WARN_COMMA = YES;
				CLANG_WARN_CONSTANT_CONVERSION = YES;
				CLANG_WARN_DIRECT_OBJC_ISA_USAGE = YES_ERROR;
				CLANG_WARN_DOCUMENTATION_COMMENTS = YES;
				CLANG_WARN_EMPTY_BODY = YES;
				CLANG_WARN_ENUM_CONVERSION = YES;
				CLANG_WARN_INFINITE_RECURSION = YES;
				CLANG_WARN_INT_CONVERSION = YES;
				CLANG_WARN_NON_LITERAL_NULL_CONVERSION = YES;
				CLANG_WARN_OBJC_LITERAL_CONVERSION = YES;
				CLANG_WARN_OBJC_ROOT_CLASS = YES_ERROR;
				CLANG_WARN_RANGE_LOOP_ANALYSIS = YES;
				CLANG_WARN_STRICT_PROTOTYPES = YES;
				CLANG_WARN_SUSPICIOUS_MOVE = YES;
				CLANG_WARN_UNGUARDED_AVAILABILITY = YES_AGGRESSIVE;
				CLANG_WARN_UNREACHABLE_CODE = YES;
				CLANG_WARN__DUPLICATE_METHOD_MATCH = YES;
				CODE_SIGN_IDENTITY = "iPhone Developer";
				COPY_PHASE_STRIP = NO;
				DEBUG_INFORMATION_FORMAT = "dwarf-with-dsym";
				ENABLE_NS_ASSERTIONS = NO;
				ENABLE_STRICT_OBJC_MSGSEND = YES;
				GCC_C_LANGUAGE_STANDARD = gnu11;
				GCC_NO_COMMON_BLOCKS = YES;
				GCC_WARN_64_TO_32_BIT_CONVERSION = YES;
				GCC_WARN_ABOUT_RETURN_TYPE = YES_ERROR;
				GCC_WARN_UNDECLARED_SELECTOR = YES;
				GCC_WARN_UNINITIALIZED_AUTOS = YES_AGGRESSIVE;
				GCC_WARN_UNUSED_FUNCTION = YES;
				GCC_WARN_UNUSED_VARIABLE = YES;
				IPHONEOS_DEPLOYMENT_TARGET = 11.2;
				MTL_ENABLE_DEBUG_INFO = NO;
				SDKROOT = iphoneos;
				VALIDATE_PRODUCT = YES;
			};
			name = Release;
		};
		18229C01201576BB006C184C /* Debug */ = {
			isa = XCBuildConfiguration;
			buildSettings = {
				ASSETCATALOG_COMPILER_APPICON_NAME = AppIcon;
				CODE_SIGN_STYLE = Automatic;
				DEVELOPMENT_TEAM = QPL76WV682;
				GCC_PRECOMPILE_PREFIX_HEADER = YES;
				GCC_PREFIX_HEADER = SFTreeTableView/PrefixHeader.pch;
				INFOPLIST_FILE = SFTreeTableView/Info.plist;
				LD_RUNPATH_SEARCH_PATHS = "$(inherited) @executable_path/Frameworks";
				LIBRARY_SEARCH_PATHS = (
					"$(inherited)",
					"$(PROJECT_DIR)/SFTreeTableView/SFMain/SFHelper/ThirdHelper/Lame",
				);
				PRODUCT_BUNDLE_IDENTIFIER = com.easyhospital.SFTreeTableView;
				PRODUCT_NAME = "$(TARGET_NAME)";
				TARGETED_DEVICE_FAMILY = "1,2";
			};
			name = Debug;
		};
		18229C02201576BB006C184C /* Release */ = {
			isa = XCBuildConfiguration;
			buildSettings = {
				ASSETCATALOG_COMPILER_APPICON_NAME = AppIcon;
				CODE_SIGN_STYLE = Automatic;
				DEVELOPMENT_TEAM = QPL76WV682;
				GCC_PRECOMPILE_PREFIX_HEADER = YES;
				GCC_PREFIX_HEADER = SFTreeTableView/PrefixHeader.pch;
				INFOPLIST_FILE = SFTreeTableView/Info.plist;
				LD_RUNPATH_SEARCH_PATHS = "$(inherited) @executable_path/Frameworks";
				LIBRARY_SEARCH_PATHS = (
					"$(inherited)",
					"$(PROJECT_DIR)/SFTreeTableView/SFMain/SFHelper/ThirdHelper/Lame",
				);
				PRODUCT_BUNDLE_IDENTIFIER = com.easyhospital.SFTreeTableView;
				PRODUCT_NAME = "$(TARGET_NAME)";
				TARGETED_DEVICE_FAMILY = "1,2";
			};
			name = Release;
		};
		18229C04201576BB006C184C /* Debug */ = {
			isa = XCBuildConfiguration;
			buildSettings = {
				BUNDLE_LOADER = "$(TEST_HOST)";
				CODE_SIGN_STYLE = Automatic;
				INFOPLIST_FILE = SFTreeTableViewTests/Info.plist;
				LD_RUNPATH_SEARCH_PATHS = "$(inherited) @executable_path/Frameworks @loader_path/Frameworks";
				PRODUCT_BUNDLE_IDENTIFIER = com.easyhospital.SFTreeTableViewTests;
				PRODUCT_NAME = "$(TARGET_NAME)";
				TARGETED_DEVICE_FAMILY = "1,2";
				TEST_HOST = "$(BUILT_PRODUCTS_DIR)/SFTreeTableView.app/SFTreeTableView";
			};
			name = Debug;
		};
		18229C05201576BB006C184C /* Release */ = {
			isa = XCBuildConfiguration;
			buildSettings = {
				BUNDLE_LOADER = "$(TEST_HOST)";
				CODE_SIGN_STYLE = Automatic;
				INFOPLIST_FILE = SFTreeTableViewTests/Info.plist;
				LD_RUNPATH_SEARCH_PATHS = "$(inherited) @executable_path/Frameworks @loader_path/Frameworks";
				PRODUCT_BUNDLE_IDENTIFIER = com.easyhospital.SFTreeTableViewTests;
				PRODUCT_NAME = "$(TARGET_NAME)";
				TARGETED_DEVICE_FAMILY = "1,2";
				TEST_HOST = "$(BUILT_PRODUCTS_DIR)/SFTreeTableView.app/SFTreeTableView";
			};
			name = Release;
		};
		18229C07201576BB006C184C /* Debug */ = {
			isa = XCBuildConfiguration;
			buildSettings = {
				CODE_SIGN_STYLE = Automatic;
				INFOPLIST_FILE = SFTreeTableViewUITests/Info.plist;
				LD_RUNPATH_SEARCH_PATHS = "$(inherited) @executable_path/Frameworks @loader_path/Frameworks";
				PRODUCT_BUNDLE_IDENTIFIER = com.easyhospital.SFTreeTableViewUITests;
				PRODUCT_NAME = "$(TARGET_NAME)";
				TARGETED_DEVICE_FAMILY = "1,2";
				TEST_TARGET_NAME = SFTreeTableView;
			};
			name = Debug;
		};
		18229C08201576BB006C184C /* Release */ = {
			isa = XCBuildConfiguration;
			buildSettings = {
				CODE_SIGN_STYLE = Automatic;
				INFOPLIST_FILE = SFTreeTableViewUITests/Info.plist;
				LD_RUNPATH_SEARCH_PATHS = "$(inherited) @executable_path/Frameworks @loader_path/Frameworks";
				PRODUCT_BUNDLE_IDENTIFIER = com.easyhospital.SFTreeTableViewUITests;
				PRODUCT_NAME = "$(TARGET_NAME)";
				TARGETED_DEVICE_FAMILY = "1,2";
				TEST_TARGET_NAME = SFTreeTableView;
			};
			name = Release;
		};
/* End XCBuildConfiguration section */

/* Begin XCConfigurationList section */
		18229BCF201576BB006C184C /* Build configuration list for PBXProject "SFTreeTableView" */ = {
			isa = XCConfigurationList;
			buildConfigurations = (
				18229BFE201576BB006C184C /* Debug */,
				18229BFF201576BB006C184C /* Release */,
			);
			defaultConfigurationIsVisible = 0;
			defaultConfigurationName = Release;
		};
		18229C00201576BB006C184C /* Build configuration list for PBXNativeTarget "SFTreeTableView" */ = {
			isa = XCConfigurationList;
			buildConfigurations = (
				18229C01201576BB006C184C /* Debug */,
				18229C02201576BB006C184C /* Release */,
			);
			defaultConfigurationIsVisible = 0;
			defaultConfigurationName = Release;
		};
		18229C03201576BB006C184C /* Build configuration list for PBXNativeTarget "SFTreeTableViewTests" */ = {
			isa = XCConfigurationList;
			buildConfigurations = (
				18229C04201576BB006C184C /* Debug */,
				18229C05201576BB006C184C /* Release */,
			);
			defaultConfigurationIsVisible = 0;
			defaultConfigurationName = Release;
		};
		18229C06201576BB006C184C /* Build configuration list for PBXNativeTarget "SFTreeTableViewUITests" */ = {
			isa = XCConfigurationList;
			buildConfigurations = (
				18229C07201576BB006C184C /* Debug */,
				18229C08201576BB006C184C /* Release */,
			);
			defaultConfigurationIsVisible = 0;
			defaultConfigurationName = Release;
		};
/* End XCConfigurationList section */
	};
	rootObject = 18229BCC201576BB006C184C /* Project object */;
}
